
Microsoft Visual Studio Solution File, Format Version 12.00
# Visual Studio Version 16
VisualStudioVersion = 16.0.29102.190
MinimumVisualStudioVersion = 10.0.40219.1
Project("{FAE04EC0-301F-11D3-BF4B-00C04F79EFBC}") = "SharePoint.WebHooks.MVC", "SharePoint.WebHooks.MVC\SharePoint.WebHooks.MVC.csproj", "{D3AA4D1F-B6BE-4B60-B84D-CFD974698BC3}"
EndProject
Project("{FAE04EC0-301F-11D3-BF4B-00C04F79EFBC}") = "SharePoint.WebHooks.MVCWeb", "SharePoint.WebHooks.MVCWeb\SharePoint.WebHooks.MVCWeb.csproj", "{FA2E5494-0B1C-4C40-866A-A7A0180B0F72}"
EndProject
Project("{FAE04EC0-301F-11D3-BF4B-00C04F79EFBC}") = "SharePoint.WebHooks.Common", "SharePoint.WebHooks.Common\SharePoint.WebHooks.Common.csproj", "{F7BF4B65-F659-4B33-A5E0-F6CA1568A361}"
EndProject
Project("{FAE04EC0-301F-11D3-BF4B-00C04F79EFBC}") = "SharePoint.WebHooks.Job", "SharePoint.WebHooks.Job\SharePoint.WebHooks.Job.csproj", "{D5C9630F-283D-416F-AEAF-FA751BBE592D}"
EndProject
Global
	GlobalSection(SolutionConfigurationPlatforms) = preSolution
		Debug|Any CPU = Debug|Any CPU
		Release|Any CPU = Release|Any CPU
	EndGlobalSection
	GlobalSection(ProjectConfigurationPlatforms) = postSolution
		{D3AA4D1F-B6BE-4B60-B84D-CFD974698BC3}.Debug|Any CPU.ActiveCfg = Debug|Any CPU
		{D3AA4D1F-B6BE-4B60-B84D-CFD974698BC3}.Debug|Any CPU.Build.0 = Debug|Any CPU
		{D3AA4D1F-B6BE-4B60-B84D-CFD974698BC3}.Debug|Any CPU.Deploy.0 = Debug|Any CPU
		{D3AA4D1F-B6BE-4B60-B84D-CFD974698BC3}.Release|Any CPU.ActiveCfg = Release|Any CPU
		{D3AA4D1F-B6BE-4B60-B84D-CFD974698BC3}.Release|Any CPU.Build.0 = Release|Any CPU
		{D3AA4D1F-B6BE-4B60-B84D-CFD974698BC3}.Release|Any CPU.Deploy.0 = Release|Any CPU
		{FA2E5494-0B1C-4C40-866A-A7A0180B0F72}.Debug|Any CPU.ActiveCfg = Debug|Any CPU
		{FA2E5494-0B1C-4C40-866A-A7A0180B0F72}.Debug|Any CPU.Build.0 = Debug|Any CPU
		{FA2E5494-0B1C-4C40-866A-A7A0180B0F72}.Release|Any CPU.ActiveCfg = Release|Any CPU
		{FA2E5494-0B1C-4C40-866A-A7A0180B0F72}.Release|Any CPU.Build.0 = Release|Any CPU
		{F7BF4B65-F659-4B33-A5E0-F6CA1568A361}.Debug|Any CPU.ActiveCfg = Debug|Any CPU
		{F7BF4B65-F659-4B33-A5E0-F6CA1568A361}.Debug|Any CPU.Build.0 = Debug|Any CPU
		{F7BF4B65-F659-4B33-A5E0-F6CA1568A361}.Release|Any CPU.ActiveCfg = Release|Any CPU
		{F7BF4B65-F659-4B33-A5E0-F6CA1568A361}.Release|Any CPU.Build.0 = Release|Any CPU
		{D5C9630F-283D-416F-AEAF-FA751BBE592D}.Debug|Any CPU.ActiveCfg = Debug|Any CPU
		{D5C9630F-283D-416F-AEAF-FA751BBE592D}.Debug|Any CPU.Build.0 = Debug|Any CPU
		{D5C9630F-283D-416F-AEAF-FA751BBE592D}.Release|Any CPU.ActiveCfg = Release|Any CPU
		{D5C9630F-283D-416F-AEAF-FA751BBE592D}.Release|Any CPU.Build.0 = Release|Any CPU
	EndGlobalSection
	GlobalSection(SolutionProperties) = preSolution
		HideSolutionNode = FALSE
	EndGlobalSection
	GlobalSection(ExtensibilityGlobals) = postSolution
		SolutionGuid = {A97EAEEF-5D41-42A6-B9B9-FDA03FA56117}
	EndGlobalSection
EndGlobal
